
Microsoft Visual Studio Solution File, Format Version 12.00
# Visual Studio Version 17
VisualStudioVersion = 17.9.34607.119
MinimumVisualStudioVersion = 10.0.40219.1
Project("{9A19103F-16F7-4668-BE54-9A1E7A4F7556}") = "DevIo.Api", "DevIo.Api\DevIo.Api.csproj", "{4BD5C0AF-4D76-48F8-BBD4-9E94E7672771}"
EndProject
Project("{9A19103F-16F7-4668-BE54-9A1E7A4F7556}") = "DevIo.Infra", "DevIo.Infra\DevIo.Infra.csproj", "{52CB6B97-FC5B-408C-A328-777394B0F6EF}"
EndProject
Project("{9A19103F-16F7-4668-BE54-9A1E7A4F7556}") = "DevIo.Business", "DevIo.Business\DevIo.Business.csproj", "{456D2EE9-A44B-45B8-9B76-E4AE38E92BCE}"
EndProject
Global
	GlobalSection(SolutionConfigurationPlatforms) = preSolution
		Debug|Any CPU = Debug|Any CPU
		Release|Any CPU = Release|Any CPU
	EndGlobalSection
	GlobalSection(ProjectConfigurationPlatforms) = postSolution
		{4BD5C0AF-4D76-48F8-BBD4-9E94E7672771}.Debug|Any CPU.ActiveCfg = Debug|Any CPU
		{4BD5C0AF-4D76-48F8-BBD4-9E94E7672771}.Debug|Any CPU.Build.0 = Debug|Any CPU
		{4BD5C0AF-4D76-48F8-BBD4-9E94E7672771}.Release|Any CPU.ActiveCfg = Release|Any CPU
		{4BD5C0AF-4D76-48F8-BBD4-9E94E7672771}.Release|Any CPU.Build.0 = Release|Any CPU
		{52CB6B97-FC5B-408C-A328-777394B0F6EF}.Debug|Any CPU.ActiveCfg = Debug|Any CPU
		{52CB6B97-FC5B-408C-A328-777394B0F6EF}.Debug|Any CPU.Build.0 = Debug|Any CPU
		{52CB6B97-FC5B-408C-A328-777394B0F6EF}.Release|Any CPU.ActiveCfg = Release|Any CPU
		{52CB6B97-FC5B-408C-A328-777394B0F6EF}.Release|Any CPU.Build.0 = Release|Any CPU
		{456D2EE9-A44B-45B8-9B76-E4AE38E92BCE}.Debug|Any CPU.ActiveCfg = Debug|Any CPU
		{456D2EE9-A44B-45B8-9B76-E4AE38E92BCE}.Debug|Any CPU.Build.0 = Debug|Any CPU
		{456D2EE9-A44B-45B8-9B76-E4AE38E92BCE}.Release|Any CPU.ActiveCfg = Release|Any CPU
		{456D2EE9-A44B-45B8-9B76-E4AE38E92BCE}.Release|Any CPU.Build.0 = Release|Any CPU
	EndGlobalSection
	GlobalSection(SolutionProperties) = preSolution
		HideSolutionNode = FALSE
	EndGlobalSection
	GlobalSection(ExtensibilityGlobals) = postSolution
		SolutionGuid = {ABED792A-F22A-4877-A4E8-6407DF27CBB7}
	EndGlobalSection
EndGlobal
